
Microsoft Visual Studio Solution File, Format Version 12.00
# Visual Studio Version 17
VisualStudioVersion = 17.13.35825.156 d17.13
MinimumVisualStudioVersion = 10.0.40219.1
Project("{FAE04EC0-301F-11D3-BF4B-00C04F79EFBC}") = "Blog", "Blog.csproj", "{A94F7B6D-1523-4412-9812-5C70AE72ED1F}"
EndProject
Project("{FAE04EC0-301F-11D3-BF4B-00C04F79EFBC}") = "BusinessLogicLayer", "..\BusinessLogicLayer\BusinessLogicLayer.csproj", "{5125E2F3-615B-4D8F-9821-680B8E2C3A4E}"
EndProject
Project("{FAE04EC0-301F-11D3-BF4B-00C04F79EFBC}") = "DomainLayer", "..\DomainLayer\DomainLayer.csproj", "{B03BEF6F-641B-4CCB-B93E-B258515CD571}"
EndProject
Project("{FAE04EC0-301F-11D3-BF4B-00C04F79EFBC}") = "DataAccessLayer", "..\DataAccessLayer\DataAccessLayer.csproj", "{1B2A495B-885C-4E43-8E24-D634B36DA8B3}"
EndProject
Global
	GlobalSection(SolutionConfigurationPlatforms) = preSolution
		Debug|Any CPU = Debug|Any CPU
		Release|Any CPU = Release|Any CPU
	EndGlobalSection
	GlobalSection(ProjectConfigurationPlatforms) = postSolution
		{A94F7B6D-1523-4412-9812-5C70AE72ED1F}.Debug|Any CPU.ActiveCfg = Debug|Any CPU
		{A94F7B6D-1523-4412-9812-5C70AE72ED1F}.Debug|Any CPU.Build.0 = Debug|Any CPU
		{A94F7B6D-1523-4412-9812-5C70AE72ED1F}.Release|Any CPU.ActiveCfg = Release|Any CPU
		{A94F7B6D-1523-4412-9812-5C70AE72ED1F}.Release|Any CPU.Build.0 = Release|Any CPU
		{5125E2F3-615B-4D8F-9821-680B8E2C3A4E}.Debug|Any CPU.ActiveCfg = Debug|Any CPU
		{5125E2F3-615B-4D8F-9821-680B8E2C3A4E}.Debug|Any CPU.Build.0 = Debug|Any CPU
		{5125E2F3-615B-4D8F-9821-680B8E2C3A4E}.Release|Any CPU.ActiveCfg = Release|Any CPU
		{5125E2F3-615B-4D8F-9821-680B8E2C3A4E}.Release|Any CPU.Build.0 = Release|Any CPU
		{B03BEF6F-641B-4CCB-B93E-B258515CD571}.Debug|Any CPU.ActiveCfg = Debug|Any CPU
		{B03BEF6F-641B-4CCB-B93E-B258515CD571}.Debug|Any CPU.Build.0 = Debug|Any CPU
		{B03BEF6F-641B-4CCB-B93E-B258515CD571}.Release|Any CPU.ActiveCfg = Release|Any CPU
		{B03BEF6F-641B-4CCB-B93E-B258515CD571}.Release|Any CPU.Build.0 = Release|Any CPU
		{1B2A495B-885C-4E43-8E24-D634B36DA8B3}.Debug|Any CPU.ActiveCfg = Debug|Any CPU
		{1B2A495B-885C-4E43-8E24-D634B36DA8B3}.Debug|Any CPU.Build.0 = Debug|Any CPU
		{1B2A495B-885C-4E43-8E24-D634B36DA8B3}.Release|Any CPU.ActiveCfg = Release|Any CPU
		{1B2A495B-885C-4E43-8E24-D634B36DA8B3}.Release|Any CPU.Build.0 = Release|Any CPU
	EndGlobalSection
	GlobalSection(SolutionProperties) = preSolution
		HideSolutionNode = FALSE
	EndGlobalSection
	GlobalSection(ExtensibilityGlobals) = postSolution
		SolutionGuid = {C3C8FA8F-59D2-41C0-B9BE-EF521CE1A9B3}
	EndGlobalSection
EndGlobal
